
Microsoft Visual Studio Solution File, Format Version 12.00
# Visual Studio Version 17
VisualStudioVersion = 17.13.35825.156 d17.13
MinimumVisualStudioVersion = 10.0.40219.1
Project("{FAE04EC0-301F-11D3-BF4B-00C04F79EFBC}") = "DDDAarc", "DDDArc\DDDAarc.csproj", "{67959D10-4017-4C22-90DC-54C5210BB76E}"
EndProject
Global
	GlobalSection(SolutionConfigurationPlatforms) = preSolution
		Debug|Any CPU = Debug|Any CPU
		Release|Any CPU = Release|Any CPU
	EndGlobalSection
	GlobalSection(ProjectConfigurationPlatforms) = postSolution
		{67959D10-4017-4C22-90DC-54C5210BB76E}.Debug|Any CPU.ActiveCfg = Debug|Any CPU
		{67959D10-4017-4C22-90DC-54C5210BB76E}.Debug|Any CPU.Build.0 = Debug|Any CPU
		{67959D10-4017-4C22-90DC-54C5210BB76E}.Release|Any CPU.ActiveCfg = Release|Any CPU
		{67959D10-4017-4C22-90DC-54C5210BB76E}.Release|Any CPU.Build.0 = Release|Any CPU
	EndGlobalSection
	GlobalSection(SolutionProperties) = preSolution
		HideSolutionNode = FALSE
	EndGlobalSection
	GlobalSection(ExtensibilityGlobals) = postSolution
		SolutionGuid = {D3FEA66F-980D-46B5-8BAB-ABFBE17BCBF9}
	EndGlobalSection
EndGlobal
